
Microsoft Visual Studio Solution File, Format Version 12.00
# Visual Studio 2013
VisualStudioVersion = 12.0.40629.0
MinimumVisualStudioVersion = 10.0.40219.1
Project("{FAE04EC0-301F-11D3-BF4B-00C04F79EFBC}") = "Munarca", "Munarca\Munarca.csproj", "{5D07D69F-238A-4EA4-9AED-76001AC5C8BE}"
EndProject
Project("{FAE04EC0-301F-11D3-BF4B-00C04F79EFBC}") = "Entidadess", "Entidadess\Entidadess.csproj", "{93263496-9F61-4D53-89B5-D790FDCD061B}"
EndProject
Global
	GlobalSection(SolutionConfigurationPlatforms) = preSolution
		Debug|Any CPU = Debug|Any CPU
		Release|Any CPU = Release|Any CPU
	EndGlobalSection
	GlobalSection(ProjectConfigurationPlatforms) = postSolution
		{5D07D69F-238A-4EA4-9AED-76001AC5C8BE}.Debug|Any CPU.ActiveCfg = Debug|Any CPU
		{5D07D69F-238A-4EA4-9AED-76001AC5C8BE}.Debug|Any CPU.Build.0 = Debug|Any CPU
		{5D07D69F-238A-4EA4-9AED-76001AC5C8BE}.Release|Any CPU.ActiveCfg = Release|Any CPU
		{5D07D69F-238A-4EA4-9AED-76001AC5C8BE}.Release|Any CPU.Build.0 = Release|Any CPU
		{93263496-9F61-4D53-89B5-D790FDCD061B}.Debug|Any CPU.ActiveCfg = Debug|Any CPU
		{93263496-9F61-4D53-89B5-D790FDCD061B}.Debug|Any CPU.Build.0 = Debug|Any CPU
		{93263496-9F61-4D53-89B5-D790FDCD061B}.Release|Any CPU.ActiveCfg = Release|Any CPU
		{93263496-9F61-4D53-89B5-D790FDCD061B}.Release|Any CPU.Build.0 = Release|Any CPU
	EndGlobalSection
	GlobalSection(SolutionProperties) = preSolution
		HideSolutionNode = FALSE
	EndGlobalSection
EndGlobal
